
Microsoft Visual Studio Solution File, Format Version 12.00
# Visual Studio Version 16
VisualStudioVersion = 16.0.29521.150
MinimumVisualStudioVersion = 10.0.40219.1
Project("{9A19103F-16F7-4668-BE54-9A1E7A4F7556}") = "WitConsole", "WitConsole\WitConsole.csproj", "{DA274539-44D8-43C8-8663-C91481CB55A1}"
EndProject
Project("{9A19103F-16F7-4668-BE54-9A1E7A4F7556}") = "WitUI", "WitUI\WitUI.csproj", "{0186146A-9194-4CEF-BE78-44E5A66CA71E}"
EndProject
Project("{9A19103F-16F7-4668-BE54-9A1E7A4F7556}") = "WitCom", "WitCom\WitCom.csproj", "{CD8400F9-8AF8-4F5F-8D8A-19BC8DB1659A}"
EndProject
Project("{FAE04EC0-301F-11D3-BF4B-00C04F79EFBC}") = "FromArduino", "FromArduino\FromArduino.csproj", "{052090ED-B42F-43AC-B064-71AADFEEF310}"
EndProject
Global
	GlobalSection(SolutionConfigurationPlatforms) = preSolution
		Debug|Any CPU = Debug|Any CPU
		Release|Any CPU = Release|Any CPU
	EndGlobalSection
	GlobalSection(ProjectConfigurationPlatforms) = postSolution
		{DA274539-44D8-43C8-8663-C91481CB55A1}.Debug|Any CPU.ActiveCfg = Debug|Any CPU
		{DA274539-44D8-43C8-8663-C91481CB55A1}.Debug|Any CPU.Build.0 = Debug|Any CPU
		{DA274539-44D8-43C8-8663-C91481CB55A1}.Release|Any CPU.ActiveCfg = Release|Any CPU
		{DA274539-44D8-43C8-8663-C91481CB55A1}.Release|Any CPU.Build.0 = Release|Any CPU
		{0186146A-9194-4CEF-BE78-44E5A66CA71E}.Debug|Any CPU.ActiveCfg = Debug|Any CPU
		{0186146A-9194-4CEF-BE78-44E5A66CA71E}.Debug|Any CPU.Build.0 = Debug|Any CPU
		{0186146A-9194-4CEF-BE78-44E5A66CA71E}.Release|Any CPU.ActiveCfg = Release|Any CPU
		{0186146A-9194-4CEF-BE78-44E5A66CA71E}.Release|Any CPU.Build.0 = Release|Any CPU
		{CD8400F9-8AF8-4F5F-8D8A-19BC8DB1659A}.Debug|Any CPU.ActiveCfg = Debug|Any CPU
		{CD8400F9-8AF8-4F5F-8D8A-19BC8DB1659A}.Debug|Any CPU.Build.0 = Debug|Any CPU
		{CD8400F9-8AF8-4F5F-8D8A-19BC8DB1659A}.Release|Any CPU.ActiveCfg = Release|Any CPU
		{CD8400F9-8AF8-4F5F-8D8A-19BC8DB1659A}.Release|Any CPU.Build.0 = Release|Any CPU
		{052090ED-B42F-43AC-B064-71AADFEEF310}.Debug|Any CPU.ActiveCfg = Debug|Any CPU
		{052090ED-B42F-43AC-B064-71AADFEEF310}.Debug|Any CPU.Build.0 = Debug|Any CPU
		{052090ED-B42F-43AC-B064-71AADFEEF310}.Release|Any CPU.ActiveCfg = Release|Any CPU
		{052090ED-B42F-43AC-B064-71AADFEEF310}.Release|Any CPU.Build.0 = Release|Any CPU
	EndGlobalSection
	GlobalSection(SolutionProperties) = preSolution
		HideSolutionNode = FALSE
	EndGlobalSection
	GlobalSection(ExtensibilityGlobals) = postSolution
		SolutionGuid = {7FAAE7BD-11E5-4EB8-A772-5DE7F90D5DE5}
	EndGlobalSection
EndGlobal
